
Microsoft Visual Studio Solution File, Format Version 12.00
# Visual Studio 15
VisualStudioVersion = 15.0.28307.645
MinimumVisualStudioVersion = 10.0.40219.1
Project("{FAE04EC0-301F-11D3-BF4B-00C04F79EFBC}") = "WebApp", "WebApp\WebApp.csproj", "{BBE90B8E-69D0-4039-9D1E-5937C3E067E2}"
EndProject
Project("{E53339B2-1760-4266-BCC7-CA923CBCF16C}") = "docker-compose", "docker-compose.dcproj", "{C64FDD80-51DE-4A09-B2ED-F36FCE79D114}"
EndProject
Global
	GlobalSection(SolutionConfigurationPlatforms) = preSolution
		Debug|Any CPU = Debug|Any CPU
		Release|Any CPU = Release|Any CPU
	EndGlobalSection
	GlobalSection(ProjectConfigurationPlatforms) = postSolution
		{BBE90B8E-69D0-4039-9D1E-5937C3E067E2}.Debug|Any CPU.ActiveCfg = Debug|Any CPU
		{BBE90B8E-69D0-4039-9D1E-5937C3E067E2}.Debug|Any CPU.Build.0 = Debug|Any CPU
		{BBE90B8E-69D0-4039-9D1E-5937C3E067E2}.Release|Any CPU.ActiveCfg = Release|Any CPU
		{BBE90B8E-69D0-4039-9D1E-5937C3E067E2}.Release|Any CPU.Build.0 = Release|Any CPU
		{C64FDD80-51DE-4A09-B2ED-F36FCE79D114}.Debug|Any CPU.ActiveCfg = Debug|Any CPU
		{C64FDD80-51DE-4A09-B2ED-F36FCE79D114}.Debug|Any CPU.Build.0 = Debug|Any CPU
		{C64FDD80-51DE-4A09-B2ED-F36FCE79D114}.Release|Any CPU.ActiveCfg = Release|Any CPU
		{C64FDD80-51DE-4A09-B2ED-F36FCE79D114}.Release|Any CPU.Build.0 = Release|Any CPU
	EndGlobalSection
	GlobalSection(SolutionProperties) = preSolution
		HideSolutionNode = FALSE
	EndGlobalSection
	GlobalSection(ExtensibilityGlobals) = postSolution
		SolutionGuid = {E24D4FCC-E6A0-4D1A-BBBF-A9CA18C0A711}
	EndGlobalSection
EndGlobal
